// !$*UTF8*$!
{
	archiveVersion = 1;
	classes = {
	};
	objectVersion = 50;
	objects = {

/* Begin PBXBuildFile section */
		B30D8164263800E8000FDDA5 /* AppDelegate.swift in Sources */ = {isa = PBXBuildFile; fileRef = B30D8163263800E8000FDDA5 /* AppDelegate.swift */; };
		B30D816B263800E8000FDDA5 /* Main.storyboard in Resources */ = {isa = PBXBuildFile; fileRef = B30D8169263800E8000FDDA5 /* Main.storyboard */; };
		B30D816D263800E9000FDDA5 /* Assets.xcassets in Resources */ = {isa = PBXBuildFile; fileRef = B30D816C263800E9000FDDA5 /* Assets.xcassets */; };
		B30D8170263800E9000FDDA5 /* LaunchScreen.storyboard in Resources */ = {isa = PBXBuildFile; fileRef = B30D816E263800E9000FDDA5 /* LaunchScreen.storyboard */; };
		B30D818726382CC2000FDDA5 /* TWMShowPhotoController.swift in Sources */ = {isa = PBXBuildFile; fileRef = B30D818626382CC2000FDDA5 /* TWMShowPhotoController.swift */; };
		B30D81B426384820000FDDA5 /* TWMShowPhotoCollectionViewCell.swift in Sources */ = {isa = PBXBuildFile; fileRef = B30D81B326384820000FDDA5 /* TWMShowPhotoCollectionViewCell.swift */; };
		B30D81B72638EC36000FDDA5 /* TWMPickerPhotoController.swift in Sources */ = {isa = PBXBuildFile; fileRef = B30D81B62638EC36000FDDA5 /* TWMPickerPhotoController.swift */; };
		B30D829B26393761000FDDA5 /* ZLPhotoBrowser.framework in Frameworks */ = {isa = PBXBuildFile; fileRef = B30D82952639144D000FDDA5 /* ZLPhotoBrowser.framework */; };
		B30D829C26393761000FDDA5 /* ZLPhotoBrowser.framework in Embed Frameworks */ = {isa = PBXBuildFile; fileRef = B30D82952639144D000FDDA5 /* ZLPhotoBrowser.framework */; settings = {ATTRIBUTES = (CodeSignOnCopy, RemoveHeadersOnCopy, ); }; };
		B30D82C5263937EC000FDDA5 /* ConstraintMultiplierTarget.swift in Sources */ = {isa = PBXBuildFile; fileRef = B30D829F263937EC000FDDA5 /* ConstraintMultiplierTarget.swift */; };
		B30D82C6263937EC000FDDA5 /* LayoutConstraintItem.swift in Sources */ = {isa = PBXBuildFile; fileRef = B30D82A0263937EC000FDDA5 /* LayoutConstraintItem.swift */; };
		B30D82C7263937EC000FDDA5 /* ConstraintDescription.swift in Sources */ = {isa = PBXBuildFile; fileRef = B30D82A1263937EC000FDDA5 /* ConstraintDescription.swift */; };
		B30D82C8263937EC000FDDA5 /* ConstraintMakerPriortizable.swift in Sources */ = {isa = PBXBuildFile; fileRef = B30D82A2263937EC000FDDA5 /* ConstraintMakerPriortizable.swift */; };
		B30D82C9263937EC000FDDA5 /* ConstraintAttributes.swift in Sources */ = {isa = PBXBuildFile; fileRef = B30D82A3263937EC000FDDA5 /* ConstraintAttributes.swift */; };
		B30D82CA263937EC000FDDA5 /* ConstraintViewDSL.swift in Sources */ = {isa = PBXBuildFile; fileRef = B30D82A4263937EC000FDDA5 /* ConstraintViewDSL.swift */; };
		B30D82CB263937EC000FDDA5 /* ConstraintPriorityTarget.swift in Sources */ = {isa = PBXBuildFile; fileRef = B30D82A5263937EC000FDDA5 /* ConstraintPriorityTarget.swift */; };
		B30D82CC263937EC000FDDA5 /* ConstraintInsets.swift in Sources */ = {isa = PBXBuildFile; fileRef = B30D82A6263937EC000FDDA5 /* ConstraintInsets.swift */; };
		B30D82CD263937EC000FDDA5 /* ConstraintMakerFinalizable.swift in Sources */ = {isa = PBXBuildFile; fileRef = B30D82A7263937EC000FDDA5 /* ConstraintMakerFinalizable.swift */; };
		B30D82CE263937EC000FDDA5 /* ConstraintDSL.swift in Sources */ = {isa = PBXBuildFile; fileRef = B30D82A8263937EC000FDDA5 /* ConstraintDSL.swift */; };
		B30D82CF263937EC000FDDA5 /* ConstraintMakerExtendable.swift in Sources */ = {isa = PBXBuildFile; fileRef = B30D82A9263937EC000FDDA5 /* ConstraintMakerExtendable.swift */; };
		B30D82D0263937EC000FDDA5 /* ConstraintPriority.swift in Sources */ = {isa = PBXBuildFile; fileRef = B30D82AA263937EC000FDDA5 /* ConstraintPriority.swift */; };
		B30D82D1263937EC000FDDA5 /* ConstraintInsetTarget.swift in Sources */ = {isa = PBXBuildFile; fileRef = B30D82AB263937EC000FDDA5 /* ConstraintInsetTarget.swift */; };
		B30D82D2263937EC000FDDA5 /* ConstraintDirectionalInsetTarget.swift in Sources */ = {isa = PBXBuildFile; fileRef = B30D82AC263937EC000FDDA5 /* ConstraintDirectionalInsetTarget.swift */; };
		B30D82D3263937EC000FDDA5 /* ConstraintMakerRelatable+Extensions.swift in Sources */ = {isa = PBXBuildFile; fileRef = B30D82AE263937EC000FDDA5 /* ConstraintMakerRelatable+Extensions.swift */; };
		B30D82D4263937EC000FDDA5 /* ConstraintConfig.swift in Sources */ = {isa = PBXBuildFile; fileRef = B30D82AF263937EC000FDDA5 /* ConstraintConfig.swift */; };
		B30D82D5263937EC000FDDA5 /* UILayoutSupport+Extensions.swift in Sources */ = {isa = PBXBuildFile; fileRef = B30D82B0263937EC000FDDA5 /* UILayoutSupport+Extensions.swift */; };
		B30D82D6263937EC000FDDA5 /* ConstraintView.swift in Sources */ = {isa = PBXBuildFile; fileRef = B30D82B1263937EC000FDDA5 /* ConstraintView.swift */; };
		B30D82D7263937EC000FDDA5 /* ConstraintLayoutGuide.swift in Sources */ = {isa = PBXBuildFile; fileRef = B30D82B2263937EC000FDDA5 /* ConstraintLayoutGuide.swift */; };
		B30D82D8263937EC000FDDA5 /* ConstraintLayoutSupport.swift in Sources */ = {isa = PBXBuildFile; fileRef = B30D82B3263937EC000FDDA5 /* ConstraintLayoutSupport.swift */; };
		B30D82D9263937EC000FDDA5 /* Typealiases.swift in Sources */ = {isa = PBXBuildFile; fileRef = B30D82B4263937EC000FDDA5 /* Typealiases.swift */; };
		B30D82DA263937EC000FDDA5 /* ConstraintConstantTarget.swift in Sources */ = {isa = PBXBuildFile; fileRef = B30D82B5263937EC000FDDA5 /* ConstraintConstantTarget.swift */; };
		B30D82DB263937EC000FDDA5 /* ConstraintOffsetTarget.swift in Sources */ = {isa = PBXBuildFile; fileRef = B30D82B6263937EC000FDDA5 /* ConstraintOffsetTarget.swift */; };
		B30D82DC263937EC000FDDA5 /* ConstraintMakerEditable.swift in Sources */ = {isa = PBXBuildFile; fileRef = B30D82B7263937EC000FDDA5 /* ConstraintMakerEditable.swift */; };
		B30D82DD263937EC000FDDA5 /* ConstraintMaker.swift in Sources */ = {isa = PBXBuildFile; fileRef = B30D82B8263937EC000FDDA5 /* ConstraintMaker.swift */; };
		B30D82DE263937EC000FDDA5 /* ConstraintRelation.swift in Sources */ = {isa = PBXBuildFile; fileRef = B30D82B9263937EC000FDDA5 /* ConstraintRelation.swift */; };
		B30D82DF263937EC000FDDA5 /* ConstraintLayoutGuideDSL.swift in Sources */ = {isa = PBXBuildFile; fileRef = B30D82BA263937EC000FDDA5 /* ConstraintLayoutGuideDSL.swift */; };
		B30D82E0263937EC000FDDA5 /* ConstraintView+Extensions.swift in Sources */ = {isa = PBXBuildFile; fileRef = B30D82BB263937EC000FDDA5 /* ConstraintView+Extensions.swift */; };
		B30D82E1263937EC000FDDA5 /* ConstraintItem.swift in Sources */ = {isa = PBXBuildFile; fileRef = B30D82BC263937EC000FDDA5 /* ConstraintItem.swift */; };
		B30D82E2263937EC000FDDA5 /* Constraint.swift in Sources */ = {isa = PBXBuildFile; fileRef = B30D82BD263937EC000FDDA5 /* Constraint.swift */; };
		B30D82E3263937EC000FDDA5 /* Debugging.swift in Sources */ = {isa = PBXBuildFile; fileRef = B30D82BE263937EC000FDDA5 /* Debugging.swift */; };
		B30D82E4263937EC000FDDA5 /* ConstraintRelatableTarget.swift in Sources */ = {isa = PBXBuildFile; fileRef = B30D82BF263937EC000FDDA5 /* ConstraintRelatableTarget.swift */; };
		B30D82E5263937EC000FDDA5 /* LayoutConstraint.swift in Sources */ = {isa = PBXBuildFile; fileRef = B30D82C0263937EC000FDDA5 /* LayoutConstraint.swift */; };
		B30D82E6263937EC000FDDA5 /* ConstraintLayoutGuide+Extensions.swift in Sources */ = {isa = PBXBuildFile; fileRef = B30D82C1263937EC000FDDA5 /* ConstraintLayoutGuide+Extensions.swift */; };
		B30D82E7263937EC000FDDA5 /* ConstraintDirectionalInsets.swift in Sources */ = {isa = PBXBuildFile; fileRef = B30D82C2263937EC000FDDA5 /* ConstraintDirectionalInsets.swift */; };
		B30D82E8263937EC000FDDA5 /* ConstraintLayoutSupportDSL.swift in Sources */ = {isa = PBXBuildFile; fileRef = B30D82C3263937EC000FDDA5 /* ConstraintLayoutSupportDSL.swift */; };
		B30D82E9263937EC000FDDA5 /* ConstraintMakerRelatable.swift in Sources */ = {isa = PBXBuildFile; fileRef = B30D82C4263937EC000FDDA5 /* ConstraintMakerRelatable.swift */; };
		B316694326395B19000CFAD7 /* TWMImageStickerContainerView.swift in Sources */ = {isa = PBXBuildFile; fileRef = B316694226395B19000CFAD7 /* TWMImageStickerContainerView.swift */; };
		B3166948263960DE000CFAD7 /* TWMSavePhotoMethod.swift in Sources */ = {isa = PBXBuildFile; fileRef = B3166947263960DE000CFAD7 /* TWMSavePhotoMethod.swift */; };
		B316694A263964B0000CFAD7 /* TWMEditPhotoController.swift in Sources */ = {isa = PBXBuildFile; fileRef = B3166949263964B0000CFAD7 /* TWMEditPhotoController.swift */; };
/* End PBXBuildFile section */

/* Begin PBXContainerItemProxy section */
		B30D82942639144D000FDDA5 /* PBXContainerItemProxy */ = {
			isa = PBXContainerItemProxy;
			containerPortal = B30D82902639144D000FDDA5 /* ZLPhotoBrowser.xcodeproj */;
			proxyType = 2;
			remoteGlobalIDString = E4C911C024E284B30061DA40;
			remoteInfo = ZLPhotoBrowser;
		};
/* End PBXContainerItemProxy section */

/* Begin PBXCopyFilesBuildPhase section */
		B30D829D26393761000FDDA5 /* Embed Frameworks */ = {
			isa = PBXCopyFilesBuildPhase;
			buildActionMask = 2147483647;
			dstPath = "";
			dstSubfolderSpec = 10;
			files = (
				B30D829C26393761000FDDA5 /* ZLPhotoBrowser.framework in Embed Frameworks */,
			);
			name = "Embed Frameworks";
			runOnlyForDeploymentPostprocessing = 0;
		};
/* End PBXCopyFilesBuildPhase section */

/* Begin PBXFileReference section */
		B30D8160263800E8000FDDA5 /* ImageProcessing.app */ = {isa = PBXFileReference; explicitFileType = wrapper.application; includeInIndex = 0; path = ImageProcessing.app; sourceTree = BUILT_PRODUCTS_DIR; };
		B30D8163263800E8000FDDA5 /* AppDelegate.swift */ = {isa = PBXFileReference; lastKnownFileType = sourcecode.swift; path = AppDelegate.swift; sourceTree = "<group>"; };
		B30D816A263800E8000FDDA5 /* Base */ = {isa = PBXFileReference; lastKnownFileType = file.storyboard; name = Base; path = Base.lproj/Main.storyboard; sourceTree = "<group>"; };
		B30D816C263800E9000FDDA5 /* Assets.xcassets */ = {isa = PBXFileReference; lastKnownFileType = folder.assetcatalog; path = Assets.xcassets; sourceTree = "<group>"; };
		B30D816F263800E9000FDDA5 /* Base */ = {isa = PBXFileReference; lastKnownFileType = file.storyboard; name = Base; path = Base.lproj/LaunchScreen.storyboard; sourceTree = "<group>"; };
		B30D8171263800E9000FDDA5 /* Info.plist */ = {isa = PBXFileReference; lastKnownFileType = text.plist.xml; path = Info.plist; sourceTree = "<group>"; };
		B30D818626382CC2000FDDA5 /* TWMShowPhotoController.swift */ = {isa = PBXFileReference; lastKnownFileType = sourcecode.swift; path = TWMShowPhotoController.swift; sourceTree = "<group>"; };
		B30D81B326384820000FDDA5 /* TWMShowPhotoCollectionViewCell.swift */ = {isa = PBXFileReference; lastKnownFileType = sourcecode.swift; path = TWMShowPhotoCollectionViewCell.swift; sourceTree = "<group>"; };
		B30D81B62638EC36000FDDA5 /* TWMPickerPhotoController.swift */ = {isa = PBXFileReference; lastKnownFileType = sourcecode.swift; path = TWMPickerPhotoController.swift; sourceTree = "<group>"; };
		B30D82902639144D000FDDA5 /* ZLPhotoBrowser.xcodeproj */ = {isa = PBXFileReference; lastKnownFileType = "wrapper.pb-project"; name = ZLPhotoBrowser.xcodeproj; path = "../../../../../Documents/毕设/毕设工程/ZLPhotoBrowser-master/ZLPhotoBrowser.xcodeproj"; sourceTree = "<group>"; };
		B30D829F263937EC000FDDA5 /* ConstraintMultiplierTarget.swift */ = {isa = PBXFileReference; fileEncoding = 4; lastKnownFileType = sourcecode.swift; path = ConstraintMultiplierTarget.swift; sourceTree = "<group>"; };
		B30D82A0263937EC000FDDA5 /* LayoutConstraintItem.swift */ = {isa = PBXFileReference; fileEncoding = 4; lastKnownFileType = sourcecode.swift; path = LayoutConstraintItem.swift; sourceTree = "<group>"; };
		B30D82A1263937EC000FDDA5 /* ConstraintDescription.swift */ = {isa = PBXFileReference; fileEncoding = 4; lastKnownFileType = sourcecode.swift; path = ConstraintDescription.swift; sourceTree = "<group>"; };
		B30D82A2263937EC000FDDA5 /* ConstraintMakerPriortizable.swift */ = {isa = PBXFileReference; fileEncoding = 4; lastKnownFileType = sourcecode.swift; path = ConstraintMakerPriortizable.swift; sourceTree = "<group>"; };
		B30D82A3263937EC000FDDA5 /* ConstraintAttributes.swift */ = {isa = PBXFileReference; fileEncoding = 4; lastKnownFileType = sourcecode.swift; path = ConstraintAttributes.swift; sourceTree = "<group>"; };
		B30D82A4263937EC000FDDA5 /* ConstraintViewDSL.swift */ = {isa = PBXFileReference; fileEncoding = 4; lastKnownFileType = sourcecode.swift; path = ConstraintViewDSL.swift; sourceTree = "<group>"; };
		B30D82A5263937EC000FDDA5 /* ConstraintPriorityTarget.swift */ = {isa = PBXFileReference; fileEncoding = 4; lastKnownFileType = sourcecode.swift; path = ConstraintPriorityTarget.swift; sourceTree = "<group>"; };
		B30D82A6263937EC000FDDA5 /* ConstraintInsets.swift */ = {isa = PBXFileReference; fileEncoding = 4; lastKnownFileType = sourcecode.swift; path = ConstraintInsets.swift; sourceTree = "<group>"; };
		B30D82A7263937EC000FDDA5 /* ConstraintMakerFinalizable.swift */ = {isa = PBXFileReference; fileEncoding = 4; lastKnownFileType = sourcecode.swift; path = ConstraintMakerFinalizable.swift; sourceTree = "<group>"; };
		B30D82A8263937EC000FDDA5 /* ConstraintDSL.swift */ = {isa = PBXFileReference; fileEncoding = 4; lastKnownFileType = sourcecode.swift; path = ConstraintDSL.swift; sourceTree = "<group>"; };
		B30D82A9263937EC000FDDA5 /* ConstraintMakerExtendable.swift */ = {isa = PBXFileReference; fileEncoding = 4; lastKnownFileType = sourcecode.swift; path = ConstraintMakerExtendable.swift; sourceTree = "<group>"; };
		B30D82AA263937EC000FDDA5 /* ConstraintPriority.swift */ = {isa = PBXFileReference; fileEncoding = 4; lastKnownFileType = sourcecode.swift; path = ConstraintPriority.swift; sourceTree = "<group>"; };
		B30D82AB263937EC000FDDA5 /* ConstraintInsetTarget.swift */ = {isa = PBXFileReference; fileEncoding = 4; lastKnownFileType = sourcecode.swift; path = ConstraintInsetTarget.swift; sourceTree = "<group>"; };
		B30D82AC263937EC000FDDA5 /* ConstraintDirectionalInsetTarget.swift */ = {isa = PBXFileReference; fileEncoding = 4; lastKnownFileType = sourcecode.swift; path = ConstraintDirectionalInsetTarget.swift; sourceTree = "<group>"; };
		B30D82AD263937EC000FDDA5 /* SnapKit.h */ = {isa = PBXFileReference; fileEncoding = 4; lastKnownFileType = sourcecode.c.h; path = SnapKit.h; sourceTree = "<group>"; };
		B30D82AE263937EC000FDDA5 /* ConstraintMakerRelatable+Extensions.swift */ = {isa = PBXFileReference; fileEncoding = 4; lastKnownFileType = sourcecode.swift; path = "ConstraintMakerRelatable+Extensions.swift"; sourceTree = "<group>"; };
		B30D82AF263937EC000FDDA5 /* ConstraintConfig.swift */ = {isa = PBXFileReference; fileEncoding = 4; lastKnownFileType = sourcecode.swift; path = ConstraintConfig.swift; sourceTree = "<group>"; };
		B30D82B0263937EC000FDDA5 /* UILayoutSupport+Extensions.swift */ = {isa = PBXFileReference; fileEncoding = 4; lastKnownFileType = sourcecode.swift; path = "UILayoutSupport+Extensions.swift"; sourceTree = "<group>"; };
		B30D82B1263937EC000FDDA5 /* ConstraintView.swift */ = {isa = PBXFileReference; fileEncoding = 4; lastKnownFileType = sourcecode.swift; path = ConstraintView.swift; sourceTree = "<group>"; };
		B30D82B2263937EC000FDDA5 /* ConstraintLayoutGuide.swift */ = {isa = PBXFileReference; fileEncoding = 4; lastKnownFileType = sourcecode.swift; path = ConstraintLayoutGuide.swift; sourceTree = "<group>"; };
		B30D82B3263937EC000FDDA5 /* ConstraintLayoutSupport.swift */ = {isa = PBXFileReference; fileEncoding = 4; lastKnownFileType = sourcecode.swift; path = ConstraintLayoutSupport.swift; sourceTree = "<group>"; };
		B30D82B4263937EC000FDDA5 /* Typealiases.swift */ = {isa = PBXFileReference; fileEncoding = 4; lastKnownFileType = sourcecode.swift; path = Typealiases.swift; sourceTree = "<group>"; };
		B30D82B5263937EC000FDDA5 /* ConstraintConstantTarget.swift */ = {isa = PBXFileReference; fileEncoding = 4; lastKnownFileType = sourcecode.swift; path = ConstraintConstantTarget.swift; sourceTree = "<group>"; };
		B30D82B6263937EC000FDDA5 /* ConstraintOffsetTarget.swift */ = {isa = PBXFileReference; fileEncoding = 4; lastKnownFileType = sourcecode.swift; path = ConstraintOffsetTarget.swift; sourceTree = "<group>"; };
		B30D82B7263937EC000FDDA5 /* ConstraintMakerEditable.swift */ = {isa = PBXFileReference; fileEncoding = 4; lastKnownFileType = sourcecode.swift; path = ConstraintMakerEditable.swift; sourceTree = "<group>"; };
		B30D82B8263937EC000FDDA5 /* ConstraintMaker.swift */ = {isa = PBXFileReference; fileEncoding = 4; lastKnownFileType = sourcecode.swift; path = ConstraintMaker.swift; sourceTree = "<group>"; };
		B30D82B9263937EC000FDDA5 /* ConstraintRelation.swift */ = {isa = PBXFileReference; fileEncoding = 4; lastKnownFileType = sourcecode.swift; path = ConstraintRelation.swift; sourceTree = "<group>"; };
		B30D82BA263937EC000FDDA5 /* ConstraintLayoutGuideDSL.swift */ = {isa = PBXFileReference; fileEncoding = 4; lastKnownFileType = sourcecode.swift; path = ConstraintLayoutGuideDSL.swift; sourceTree = "<group>"; };
		B30D82BB263937EC000FDDA5 /* ConstraintView+Extensions.swift */ = {isa = PBXFileReference; fileEncoding = 4; lastKnownFileType = sourcecode.swift; path = "ConstraintView+Extensions.swift"; sourceTree = "<group>"; };
		B30D82BC263937EC000FDDA5 /* ConstraintItem.swift */ = {isa = PBXFileReference; fileEncoding = 4; lastKnownFileType = sourcecode.swift; path = ConstraintItem.swift; sourceTree = "<group>"; };
		B30D82BD263937EC000FDDA5 /* Constraint.swift */ = {isa = PBXFileReference; fileEncoding = 4; lastKnownFileType = sourcecode.swift; path = Constraint.swift; sourceTree = "<group>"; };
		B30D82BE263937EC000FDDA5 /* Debugging.swift */ = {isa = PBXFileReference; fileEncoding = 4; lastKnownFileType = sourcecode.swift; path = Debugging.swift; sourceTree = "<group>"; };
		B30D82BF263937EC000FDDA5 /* ConstraintRelatableTarget.swift */ = {isa = PBXFileReference; fileEncoding = 4; lastKnownFileType = sourcecode.swift; path = ConstraintRelatableTarget.swift; sourceTree = "<group>"; };
		B30D82C0263937EC000FDDA5 /* LayoutConstraint.swift */ = {isa = PBXFileReference; fileEncoding = 4; lastKnownFileType = sourcecode.swift; path = LayoutConstraint.swift; sourceTree = "<group>"; };
		B30D82C1263937EC000FDDA5 /* ConstraintLayoutGuide+Extensions.swift */ = {isa = PBXFileReference; fileEncoding = 4; lastKnownFileType = sourcecode.swift; path = "ConstraintLayoutGuide+Extensions.swift"; sourceTree = "<group>"; };
		B30D82C2263937EC000FDDA5 /* ConstraintDirectionalInsets.swift */ = {isa = PBXFileReference; fileEncoding = 4; lastKnownFileType = sourcecode.swift; path = ConstraintDirectionalInsets.swift; sourceTree = "<group>"; };
		B30D82C3263937EC000FDDA5 /* ConstraintLayoutSupportDSL.swift */ = {isa = PBXFileReference; fileEncoding = 4; lastKnownFileType = sourcecode.swift; path = ConstraintLayoutSupportDSL.swift; sourceTree = "<group>"; };
		B30D82C4263937EC000FDDA5 /* ConstraintMakerRelatable.swift */ = {isa = PBXFileReference; fileEncoding = 4; lastKnownFileType = sourcecode.swift; path = ConstraintMakerRelatable.swift; sourceTree = "<group>"; };
		B316694226395B19000CFAD7 /* TWMImageStickerContainerView.swift */ = {isa = PBXFileReference; lastKnownFileType = sourcecode.swift; path = TWMImageStickerContainerView.swift; sourceTree = "<group>"; };
		B3166947263960DE000CFAD7 /* TWMSavePhotoMethod.swift */ = {isa = PBXFileReference; lastKnownFileType = sourcecode.swift; path = TWMSavePhotoMethod.swift; sourceTree = "<group>"; };
		B3166949263964B0000CFAD7 /* TWMEditPhotoController.swift */ = {isa = PBXFileReference; lastKnownFileType = sourcecode.swift; path = TWMEditPhotoController.swift; sourceTree = "<group>"; };
/* End PBXFileReference section */

/* Begin PBXFrameworksBuildPhase section */
		B30D815D263800E8000FDDA5 /* Frameworks */ = {
			isa = PBXFrameworksBuildPhase;
			buildActionMask = 2147483647;
			files = (
				B30D829B26393761000FDDA5 /* ZLPhotoBrowser.framework in Frameworks */,
			);
			runOnlyForDeploymentPostprocessing = 0;
		};
/* End PBXFrameworksBuildPhase section */

/* Begin PBXGroup section */
		B30D8157263800E8000FDDA5 = {
			isa = PBXGroup;
			children = (
				B30D8162263800E8000FDDA5 /* ImageProcessing */,
				B30D8161263800E8000FDDA5 /* Products */,
				B30D829926393761000FDDA5 /* Frameworks */,
			);
			sourceTree = "<group>";
		};
		B30D8161263800E8000FDDA5 /* Products */ = {
			isa = PBXGroup;
			children = (
				B30D8160263800E8000FDDA5 /* ImageProcessing.app */,
			);
			name = Products;
			sourceTree = "<group>";
		};
		B30D8162263800E8000FDDA5 /* ImageProcessing */ = {
			isa = PBXGroup;
			children = (
				B316694626395FB5000CFAD7 /* TWMSavePhoto */,
				B316694526395D83000CFAD7 /* TWMEditPhoto */,
				B30D829E263937EC000FDDA5 /* SnapKit */,
				B30D81BA2638F5D4000FDDA5 /* TWMShowPhoto */,
				B30D81B92638F5BC000FDDA5 /* TWMPickerPhoto */,
				B30D8163263800E8000FDDA5 /* AppDelegate.swift */,
				B30D8169263800E8000FDDA5 /* Main.storyboard */,
				B30D816C263800E9000FDDA5 /* Assets.xcassets */,
				B30D816E263800E9000FDDA5 /* LaunchScreen.storyboard */,
				B30D8171263800E9000FDDA5 /* Info.plist */,
			);
			path = ImageProcessing;
			sourceTree = "<group>";
		};
		B30D81B92638F5BC000FDDA5 /* TWMPickerPhoto */ = {
			isa = PBXGroup;
			children = (
				B30D81B62638EC36000FDDA5 /* TWMPickerPhotoController.swift */,
				B316694226395B19000CFAD7 /* TWMImageStickerContainerView.swift */,
				B30D82902639144D000FDDA5 /* ZLPhotoBrowser.xcodeproj */,
			);
			path = TWMPickerPhoto;
			sourceTree = "<group>";
		};
		B30D81BA2638F5D4000FDDA5 /* TWMShowPhoto */ = {
			isa = PBXGroup;
			children = (
				B30D818626382CC2000FDDA5 /* TWMShowPhotoController.swift */,
				B30D81B326384820000FDDA5 /* TWMShowPhotoCollectionViewCell.swift */,
			);
			path = TWMShowPhoto;
			sourceTree = "<group>";
		};
		B30D82912639144D000FDDA5 /* Products */ = {
			isa = PBXGroup;
			children = (
				B30D82952639144D000FDDA5 /* ZLPhotoBrowser.framework */,
			);
			name = Products;
			sourceTree = "<group>";
		};
		B30D829926393761000FDDA5 /* Frameworks */ = {
			isa = PBXGroup;
			children = (
			);
			name = Frameworks;
			sourceTree = "<group>";
		};
		B30D829E263937EC000FDDA5 /* SnapKit */ = {
			isa = PBXGroup;
			children = (
				B30D829F263937EC000FDDA5 /* ConstraintMultiplierTarget.swift */,
				B30D82A0263937EC000FDDA5 /* LayoutConstraintItem.swift */,
				B30D82A1263937EC000FDDA5 /* ConstraintDescription.swift */,
				B30D82A2263937EC000FDDA5 /* ConstraintMakerPriortizable.swift */,
				B30D82A3263937EC000FDDA5 /* ConstraintAttributes.swift */,
				B30D82A4263937EC000FDDA5 /* ConstraintViewDSL.swift */,
				B30D82A5263937EC000FDDA5 /* ConstraintPriorityTarget.swift */,
				B30D82A6263937EC000FDDA5 /* ConstraintInsets.swift */,
				B30D82A7263937EC000FDDA5 /* ConstraintMakerFinalizable.swift */,
				B30D82A8263937EC000FDDA5 /* ConstraintDSL.swift */,
				B30D82A9263937EC000FDDA5 /* ConstraintMakerExtendable.swift */,
				B30D82AA263937EC000FDDA5 /* ConstraintPriority.swift */,
				B30D82AB263937EC000FDDA5 /* ConstraintInsetTarget.swift */,
				B30D82AC263937EC000FDDA5 /* ConstraintDirectionalInsetTarget.swift */,
				B30D82AD263937EC000FDDA5 /* SnapKit.h */,
				B30D82AE263937EC000FDDA5 /* ConstraintMakerRelatable+Extensions.swift */,
				B30D82AF263937EC000FDDA5 /* ConstraintConfig.swift */,
				B30D82B0263937EC000FDDA5 /* UILayoutSupport+Extensions.swift */,
				B30D82B1263937EC000FDDA5 /* ConstraintView.swift */,
				B30D82B2263937EC000FDDA5 /* ConstraintLayoutGuide.swift */,
				B30D82B3263937EC000FDDA5 /* ConstraintLayoutSupport.swift */,
				B30D82B4263937EC000FDDA5 /* Typealiases.swift */,
				B30D82B5263937EC000FDDA5 /* ConstraintConstantTarget.swift */,
				B30D82B6263937EC000FDDA5 /* ConstraintOffsetTarget.swift */,
				B30D82B7263937EC000FDDA5 /* ConstraintMakerEditable.swift */,
				B30D82B8263937EC000FDDA5 /* ConstraintMaker.swift */,
				B30D82B9263937EC000FDDA5 /* ConstraintRelation.swift */,
				B30D82BA263937EC000FDDA5 /* ConstraintLayoutGuideDSL.swift */,
				B30D82BB263937EC000FDDA5 /* ConstraintView+Extensions.swift */,
				B30D82BC263937EC000FDDA5 /* ConstraintItem.swift */,
				B30D82BD263937EC000FDDA5 /* Constraint.swift */,
				B30D82BE263937EC000FDDA5 /* Debugging.swift */,
				B30D82BF263937EC000FDDA5 /* ConstraintRelatableTarget.swift */,
				B30D82C0263937EC000FDDA5 /* LayoutConstraint.swift */,
				B30D82C1263937EC000FDDA5 /* ConstraintLayoutGuide+Extensions.swift */,
				B30D82C2263937EC000FDDA5 /* ConstraintDirectionalInsets.swift */,
				B30D82C3263937EC000FDDA5 /* ConstraintLayoutSupportDSL.swift */,
				B30D82C4263937EC000FDDA5 /* ConstraintMakerRelatable.swift */,
			);
			path = SnapKit;
			sourceTree = "<group>";
		};
		B316694526395D83000CFAD7 /* TWMEditPhoto */ = {
			isa = PBXGroup;
			children = (
				B3166949263964B0000CFAD7 /* TWMEditPhotoController.swift */,
			);
			path = TWMEditPhoto;
			sourceTree = "<group>";
		};
		B316694626395FB5000CFAD7 /* TWMSavePhoto */ = {
			isa = PBXGroup;
			children = (
				B3166947263960DE000CFAD7 /* TWMSavePhotoMethod.swift */,
			);
			path = TWMSavePhoto;
			sourceTree = "<group>";
		};
/* End PBXGroup section */

/* Begin PBXNativeTarget section */
		B30D815F263800E8000FDDA5 /* ImageProcessing */ = {
			isa = PBXNativeTarget;
			buildConfigurationList = B30D8174263800E9000FDDA5 /* Build configuration list for PBXNativeTarget "ImageProcessing" */;
			buildPhases = (
				B30D815C263800E8000FDDA5 /* Sources */,
				B30D815D263800E8000FDDA5 /* Frameworks */,
				B30D815E263800E8000FDDA5 /* Resources */,
				B30D829D26393761000FDDA5 /* Embed Frameworks */,
			);
			buildRules = (
			);
			dependencies = (
			);
			name = ImageProcessing;
			productName = ImageProcessing;
			productReference = B30D8160263800E8000FDDA5 /* ImageProcessing.app */;
			productType = "com.apple.product-type.application";
		};
/* End PBXNativeTarget section */

/* Begin PBXProject section */
		B30D8158263800E8000FDDA5 /* Project object */ = {
			isa = PBXProject;
			attributes = {
				LastSwiftUpdateCheck = 1240;
				LastUpgradeCheck = 1240;
				TargetAttributes = {
					B30D815F263800E8000FDDA5 = {
						CreatedOnToolsVersion = 12.4;
					};
				};
			};
			buildConfigurationList = B30D815B263800E8000FDDA5 /* Build configuration list for PBXProject "ImageProcessing" */;
			compatibilityVersion = "Xcode 9.3";
			developmentRegion = en;
			hasScannedForEncodings = 0;
			knownRegions = (
				en,
				Base,
			);
			mainGroup = B30D8157263800E8000FDDA5;
			productRefGroup = B30D8161263800E8000FDDA5 /* Products */;
			projectDirPath = "";
			projectReferences = (
				{
					ProductGroup = B30D82912639144D000FDDA5 /* Products */;
					ProjectRef = B30D82902639144D000FDDA5 /* ZLPhotoBrowser.xcodeproj */;
				},
			);
			projectRoot = "";
			targets = (
				B30D815F263800E8000FDDA5 /* ImageProcessing */,
			);
		};
/* End PBXProject section */

/* Begin PBXReferenceProxy section */
		B30D82952639144D000FDDA5 /* ZLPhotoBrowser.framework */ = {
			isa = PBXReferenceProxy;
			fileType = wrapper.framework;
			path = ZLPhotoBrowser.framework;
			remoteRef = B30D82942639144D000FDDA5 /* PBXContainerItemProxy */;
			sourceTree = BUILT_PRODUCTS_DIR;
		};
/* End PBXReferenceProxy section */

/* Begin PBXResourcesBuildPhase section */
		B30D815E263800E8000FDDA5 /* Resources */ = {
			isa = PBXResourcesBuildPhase;
			buildActionMask = 2147483647;
			files = (
				B30D8170263800E9000FDDA5 /* LaunchScreen.storyboard in Resources */,
				B30D816D263800E9000FDDA5 /* Assets.xcassets in Resources */,
				B30D816B263800E8000FDDA5 /* Main.storyboard in Resources */,
			);
			runOnlyForDeploymentPostprocessing = 0;
		};
/* End PBXResourcesBuildPhase section */

/* Begin PBXSourcesBuildPhase section */
		B30D815C263800E8000FDDA5 /* Sources */ = {
			isa = PBXSourcesBuildPhase;
			buildActionMask = 2147483647;
			files = (
				B30D82D3263937EC000FDDA5 /* ConstraintMakerRelatable+Extensions.swift in Sources */,
				B30D82E9263937EC000FDDA5 /* ConstraintMakerRelatable.swift in Sources */,
				B30D82D6263937EC000FDDA5 /* ConstraintView.swift in Sources */,
				B30D82E2263937EC000FDDA5 /* Constraint.swift in Sources */,
				B30D82DD263937EC000FDDA5 /* ConstraintMaker.swift in Sources */,
				B30D82E8263937EC000FDDA5 /* ConstraintLayoutSupportDSL.swift in Sources */,
				B30D82D9263937EC000FDDA5 /* Typealiases.swift in Sources */,
				B30D82CC263937EC000FDDA5 /* ConstraintInsets.swift in Sources */,
				B30D82C9263937EC000FDDA5 /* ConstraintAttributes.swift in Sources */,
				B30D82CA263937EC000FDDA5 /* ConstraintViewDSL.swift in Sources */,
				B30D82C8263937EC000FDDA5 /* ConstraintMakerPriortizable.swift in Sources */,
				B30D82DC263937EC000FDDA5 /* ConstraintMakerEditable.swift in Sources */,
				B30D818726382CC2000FDDA5 /* TWMShowPhotoController.swift in Sources */,
				B30D81B72638EC36000FDDA5 /* TWMPickerPhotoController.swift in Sources */,
				B30D82E7263937EC000FDDA5 /* ConstraintDirectionalInsets.swift in Sources */,
				B30D82CB263937EC000FDDA5 /* ConstraintPriorityTarget.swift in Sources */,
				B30D82DB263937EC000FDDA5 /* ConstraintOffsetTarget.swift in Sources */,
				B30D82DF263937EC000FDDA5 /* ConstraintLayoutGuideDSL.swift in Sources */,
				B30D8164263800E8000FDDA5 /* AppDelegate.swift in Sources */,
				B30D82CF263937EC000FDDA5 /* ConstraintMakerExtendable.swift in Sources */,
				B30D81B426384820000FDDA5 /* TWMShowPhotoCollectionViewCell.swift in Sources */,
				B30D82DE263937EC000FDDA5 /* ConstraintRelation.swift in Sources */,
				B30D82D0263937EC000FDDA5 /* ConstraintPriority.swift in Sources */,
				B316694A263964B0000CFAD7 /* TWMEditPhotoController.swift in Sources */,
				B3166948263960DE000CFAD7 /* TWMSavePhotoMethod.swift in Sources */,
				B30D82C5263937EC000FDDA5 /* ConstraintMultiplierTarget.swift in Sources */,
				B30D82C7263937EC000FDDA5 /* ConstraintDescription.swift in Sources */,
				B316694326395B19000CFAD7 /* TWMImageStickerContainerView.swift in Sources */,
				B30D82E3263937EC000FDDA5 /* Debugging.swift in Sources */,
				B30D82E0263937EC000FDDA5 /* ConstraintView+Extensions.swift in Sources */,
				B30D82D1263937EC000FDDA5 /* ConstraintInsetTarget.swift in Sources */,
				B30D82D8263937EC000FDDA5 /* ConstraintLayoutSupport.swift in Sources */,
				B30D82D5263937EC000FDDA5 /* UILayoutSupport+Extensions.swift in Sources */,
				B30D82C6263937EC000FDDA5 /* LayoutConstraintItem.swift in Sources */,
				B30D82E1263937EC000FDDA5 /* ConstraintItem.swift in Sources */,
				B30D82E6263937EC000FDDA5 /* ConstraintLayoutGuide+Extensions.swift in Sources */,
				B30D82D7263937EC000FDDA5 /* ConstraintLayoutGuide.swift in Sources */,
				B30D82D4263937EC000FDDA5 /* ConstraintConfig.swift in Sources */,
				B30D82E5263937EC000FDDA5 /* LayoutConstraint.swift in Sources */,
				B30D82CE263937EC000FDDA5 /* ConstraintDSL.swift in Sources */,
				B30D82DA263937EC000FDDA5 /* ConstraintConstantTarget.swift in Sources */,
				B30D82D2263937EC000FDDA5 /* ConstraintDirectionalInsetTarget.swift in Sources */,
				B30D82E4263937EC000FDDA5 /* ConstraintRelatableTarget.swift in Sources */,
				B30D82CD263937EC000FDDA5 /* ConstraintMakerFinalizable.swift in Sources */,
			);
			runOnlyForDeploymentPostprocessing = 0;
		};
/* End PBXSourcesBuildPhase section */

/* Begin PBXVariantGroup section */
		B30D8169263800E8000FDDA5 /* Main.storyboard */ = {
			isa = PBXVariantGroup;
			children = (
				B30D816A263800E8000FDDA5 /* Base */,
			);
			name = Main.storyboard;
			sourceTree = "<group>";
		};
		B30D816E263800E9000FDDA5 /* LaunchScreen.storyboard */ = {
			isa = PBXVariantGroup;
			children = (
				B30D816F263800E9000FDDA5 /* Base */,
			);
			name = LaunchScreen.storyboard;
			sourceTree = "<group>";
		};
/* End PBXVariantGroup section */

/* Begin XCBuildConfiguration section */
		B30D8172263800E9000FDDA5 /* Debug */ = {
			isa = XCBuildConfiguration;
			buildSettings = {
				ALWAYS_SEARCH_USER_PATHS = NO;
				CLANG_ANALYZER_NONNULL = YES;
				CLANG_ANALYZER_NUMBER_OBJECT_CONVERSION = YES_AGGRESSIVE;
				CLANG_CXX_LANGUAGE_STANDARD = "gnu++14";
				CLANG_CXX_LIBRARY = "libc++";
				CLANG_ENABLE_MODULES = YES;
				CLANG_ENABLE_OBJC_ARC = YES;
				CLANG_ENABLE_OBJC_WEAK = YES;
				CLANG_WARN_BLOCK_CAPTURE_AUTORELEASING = YES;
				CLANG_WARN_BOOL_CONVERSION = YES;
				CLANG_WARN_COMMA = YES;
				CLANG_WARN_CONSTANT_CONVERSION = YES;
				CLANG_WARN_DEPRECATED_OBJC_IMPLEMENTATIONS = YES;
				CLANG_WARN_DIRECT_OBJC_ISA_USAGE = YES_ERROR;
				CLANG_WARN_DOCUMENTATION_COMMENTS = YES;
				CLANG_WARN_EMPTY_BODY = YES;
				CLANG_WARN_ENUM_CONVERSION = YES;
				CLANG_WARN_INFINITE_RECURSION = YES;
				CLANG_WARN_INT_CONVERSION = YES;
				CLANG_WARN_NON_LITERAL_NULL_CONVERSION = YES;
				CLANG_WARN_OBJC_IMPLICIT_RETAIN_SELF = YES;
				CLANG_WARN_OBJC_LITERAL_CONVERSION = YES;
				CLANG_WARN_OBJC_ROOT_CLASS = YES_ERROR;
				CLANG_WARN_QUOTED_INCLUDE_IN_FRAMEWORK_HEADER = YES;
				CLANG_WARN_RANGE_LOOP_ANALYSIS = YES;
				CLANG_WARN_STRICT_PROTOTYPES = YES;
				CLANG_WARN_SUSPICIOUS_MOVE = YES;
				CLANG_WARN_UNGUARDED_AVAILABILITY = YES_AGGRESSIVE;
				CLANG_WARN_UNREACHABLE_CODE = YES;
				CLANG_WARN__DUPLICATE_METHOD_MATCH = YES;
				COPY_PHASE_STRIP = NO;
				DEBUG_INFORMATION_FORMAT = dwarf;
				ENABLE_STRICT_OBJC_MSGSEND = YES;
				ENABLE_TESTABILITY = YES;
				GCC_C_LANGUAGE_STANDARD = gnu11;
				GCC_DYNAMIC_NO_PIC = NO;
				GCC_NO_COMMON_BLOCKS = YES;
				GCC_OPTIMIZATION_LEVEL = 0;
				GCC_PREPROCESSOR_DEFINITIONS = (
					"DEBUG=1",
					"$(inherited)",
				);
				GCC_WARN_64_TO_32_BIT_CONVERSION = YES;
				GCC_WARN_ABOUT_RETURN_TYPE = YES_ERROR;
				GCC_WARN_UNDECLARED_SELECTOR = YES;
				GCC_WARN_UNINITIALIZED_AUTOS = YES_AGGRESSIVE;
				GCC_WARN_UNUSED_FUNCTION = YES;
				GCC_WARN_UNUSED_VARIABLE = YES;
				IPHONEOS_DEPLOYMENT_TARGET = 14.4;
				MTL_ENABLE_DEBUG_INFO = INCLUDE_SOURCE;
				MTL_FAST_MATH = YES;
				ONLY_ACTIVE_ARCH = YES;
				SDKROOT = iphoneos;
				SWIFT_ACTIVE_COMPILATION_CONDITIONS = DEBUG;
				SWIFT_OPTIMIZATION_LEVEL = "-Onone";
			};
			name = Debug;
		};
		B30D8173263800E9000FDDA5 /* Release */ = {
			isa = XCBuildConfiguration;
			buildSettings = {
				ALWAYS_SEARCH_USER_PATHS = NO;
				CLANG_ANALYZER_NONNULL = YES;
				CLANG_ANALYZER_NUMBER_OBJECT_CONVERSION = YES_AGGRESSIVE;
				CLANG_CXX_LANGUAGE_STANDARD = "gnu++14";
				CLANG_CXX_LIBRARY = "libc++";
				CLANG_ENABLE_MODULES = YES;
				CLANG_ENABLE_OBJC_ARC = YES;
				CLANG_ENABLE_OBJC_WEAK = YES;
				CLANG_WARN_BLOCK_CAPTURE_AUTORELEASING = YES;
				CLANG_WARN_BOOL_CONVERSION = YES;
				CLANG_WARN_COMMA = YES;
				CLANG_WARN_CONSTANT_CONVERSION = YES;
				CLANG_WARN_DEPRECATED_OBJC_IMPLEMENTATIONS = YES;
				CLANG_WARN_DIRECT_OBJC_ISA_USAGE = YES_ERROR;
				CLANG_WARN_DOCUMENTATION_COMMENTS = YES;
				CLANG_WARN_EMPTY_BODY = YES;
				CLANG_WARN_ENUM_CONVERSION = YES;
				CLANG_WARN_INFINITE_RECURSION = YES;
				CLANG_WARN_INT_CONVERSION = YES;
				CLANG_WARN_NON_LITERAL_NULL_CONVERSION = YES;
				CLANG_WARN_OBJC_IMPLICIT_RETAIN_SELF = YES;
				CLANG_WARN_OBJC_LITERAL_CONVERSION = YES;
				CLANG_WARN_OBJC_ROOT_CLASS = YES_ERROR;
				CLANG_WARN_QUOTED_INCLUDE_IN_FRAMEWORK_HEADER = YES;
				CLANG_WARN_RANGE_LOOP_ANALYSIS = YES;
				CLANG_WARN_STRICT_PROTOTYPES = YES;
				CLANG_WARN_SUSPICIOUS_MOVE = YES;
				CLANG_WARN_UNGUARDED_AVAILABILITY = YES_AGGRESSIVE;
				CLANG_WARN_UNREACHABLE_CODE = YES;
				CLANG_WARN__DUPLICATE_METHOD_MATCH = YES;
				COPY_PHASE_STRIP = NO;
				DEBUG_INFORMATION_FORMAT = "dwarf-with-dsym";
				ENABLE_NS_ASSERTIONS = NO;
				ENABLE_STRICT_OBJC_MSGSEND = YES;
				GCC_C_LANGUAGE_STANDARD = gnu11;
				GCC_NO_COMMON_BLOCKS = YES;
				GCC_WARN_64_TO_32_BIT_CONVERSION = YES;
				GCC_WARN_ABOUT_RETURN_TYPE = YES_ERROR;
				GCC_WARN_UNDECLARED_SELECTOR = YES;
				GCC_WARN_UNINITIALIZED_AUTOS = YES_AGGRESSIVE;
				GCC_WARN_UNUSED_FUNCTION = YES;
				GCC_WARN_UNUSED_VARIABLE = YES;
				IPHONEOS_DEPLOYMENT_TARGET = 14.4;
				MTL_ENABLE_DEBUG_INFO = NO;
				MTL_FAST_MATH = YES;
				SDKROOT = iphoneos;
				SWIFT_COMPILATION_MODE = wholemodule;
				SWIFT_OPTIMIZATION_LEVEL = "-O";
				VALIDATE_PRODUCT = YES;
			};
			name = Release;
		};
		B30D8175263800E9000FDDA5 /* Debug */ = {
			isa = XCBuildConfiguration;
			buildSettings = {
				ASSETCATALOG_COMPILER_APPICON_NAME = AppIcon;
				ASSETCATALOG_COMPILER_GLOBAL_ACCENT_COLOR_NAME = AccentColor;
				CODE_SIGN_STYLE = Automatic;
				DEVELOPMENT_TEAM = KVY9QC9HZ9;
				INFOPLIST_FILE = ImageProcessing/Info.plist;
				LD_RUNPATH_SEARCH_PATHS = (
					"$(inherited)",
					"@executable_path/Frameworks",
				);
				PRODUCT_BUNDLE_IDENTIFIER = com.tanwenmeng.ImageProcessing.ImageProcessing;
				PRODUCT_NAME = "$(TARGET_NAME)";
				SWIFT_VERSION = 5.0;
				TARGETED_DEVICE_FAMILY = "1,2";
			};
			name = Debug;
		};
		B30D8176263800E9000FDDA5 /* Release */ = {
			isa = XCBuildConfiguration;
			buildSettings = {
				ASSETCATALOG_COMPILER_APPICON_NAME = AppIcon;
				ASSETCATALOG_COMPILER_GLOBAL_ACCENT_COLOR_NAME = AccentColor;
				CODE_SIGN_STYLE = Automatic;
				DEVELOPMENT_TEAM = KVY9QC9HZ9;
				INFOPLIST_FILE = ImageProcessing/Info.plist;
				LD_RUNPATH_SEARCH_PATHS = (
					"$(inherited)",
					"@executable_path/Frameworks",
				);
				PRODUCT_BUNDLE_IDENTIFIER = com.tanwenmeng.ImageProcessing.ImageProcessing;
				PRODUCT_NAME = "$(TARGET_NAME)";
				SWIFT_VERSION = 5.0;
				TARGETED_DEVICE_FAMILY = "1,2";
			};
			name = Release;
		};
/* End XCBuildConfiguration section */

/* Begin XCConfigurationList section */
		B30D815B263800E8000FDDA5 /* Build configuration list for PBXProject "ImageProcessing" */ = {
			isa = XCConfigurationList;
			buildConfigurations = (
				B30D8172263800E9000FDDA5 /* Debug */,
				B30D8173263800E9000FDDA5 /* Release */,
			);
			defaultConfigurationIsVisible = 0;
			defaultConfigurationName = Release;
		};
		B30D8174263800E9000FDDA5 /* Build configuration list for PBXNativeTarget "ImageProcessing" */ = {
			isa = XCConfigurationList;
			buildConfigurations = (
				B30D8175263800E9000FDDA5 /* Debug */,
				B30D8176263800E9000FDDA5 /* Release */,
			);
			defaultConfigurationIsVisible = 0;
			defaultConfigurationName = Release;
		};
/* End XCConfigurationList section */
	};
	rootObject = B30D8158263800E8000FDDA5 /* Project object */;
}
